
Microsoft Visual Studio Solution File, Format Version 12.00
# Visual Studio Version 17
VisualStudioVersion = 17.7.34031.279
MinimumVisualStudioVersion = 10.0.40219.1
Project("{8BC9CEB8-8B4A-11D0-8D11-00A0C91BC942}") = "lb_parp", "lb_parp\lb_parp.vcxproj", "{30528751-CA78-492D-8E43-C29D67A3A32F}"
EndProject
Global
	GlobalSection(SolutionConfigurationPlatforms) = preSolution
		Debug|x64 = Debug|x64
		Debug|x86 = Debug|x86
		Release|x64 = Release|x64
		Release|x86 = Release|x86
	EndGlobalSection
	GlobalSection(ProjectConfigurationPlatforms) = postSolution
		{30528751-CA78-492D-8E43-C29D67A3A32F}.Debug|x64.ActiveCfg = Debug|x64
		{30528751-CA78-492D-8E43-C29D67A3A32F}.Debug|x64.Build.0 = Debug|x64
		{30528751-CA78-492D-8E43-C29D67A3A32F}.Debug|x86.ActiveCfg = Debug|Win32
		{30528751-CA78-492D-8E43-C29D67A3A32F}.Debug|x86.Build.0 = Debug|Win32
		{30528751-CA78-492D-8E43-C29D67A3A32F}.Release|x64.ActiveCfg = Release|x64
		{30528751-CA78-492D-8E43-C29D67A3A32F}.Release|x64.Build.0 = Release|x64
		{30528751-CA78-492D-8E43-C29D67A3A32F}.Release|x86.ActiveCfg = Release|Win32
		{30528751-CA78-492D-8E43-C29D67A3A32F}.Release|x86.Build.0 = Release|Win32
	EndGlobalSection
	GlobalSection(SolutionProperties) = preSolution
		HideSolutionNode = FALSE
	EndGlobalSection
	GlobalSection(ExtensibilityGlobals) = postSolution
		SolutionGuid = {4E6BA44C-38B8-44C7-B2ED-8F9DB0CF84DD}
	EndGlobalSection
EndGlobal
